// !$*UTF8*$!
{
	archiveVersion = 1;
	classes = {
	};
	objectVersion = 46;
	objects = {

/* Begin PBXBuildFile section */
		EB4FC9B91D52BADC005160D8 /* main.m in Sources */ = {isa = PBXBuildFile; fileRef = EB4FC9B81D52BADC005160D8 /* main.m */; };
		EB4FC9BC1D52BADC005160D8 /* AppDelegate.m in Sources */ = {isa = PBXBuildFile; fileRef = EB4FC9BB1D52BADC005160D8 /* AppDelegate.m */; };
		EB4FC9C21D52BADC005160D8 /* Main.storyboard in Resources */ = {isa = PBXBuildFile; fileRef = EB4FC9C01D52BADC005160D8 /* Main.storyboard */; };
		EB4FC9C41D52BADC005160D8 /* Assets.xcassets in Resources */ = {isa = PBXBuildFile; fileRef = EB4FC9C31D52BADC005160D8 /* Assets.xcassets */; };
		EB4FC9C71D52BADC005160D8 /* LaunchScreen.storyboard in Resources */ = {isa = PBXBuildFile; fileRef = EB4FC9C51D52BADC005160D8 /* LaunchScreen.storyboard */; };
		EB9425C61D5815BE003C6264 /* ViewController1.m in Sources */ = {isa = PBXBuildFile; fileRef = EB9425C51D5815BE003C6264 /* ViewController1.m */; };
		EB9425C91D58172C003C6264 /* ViewController2.m in Sources */ = {isa = PBXBuildFile; fileRef = EB9425C81D58172C003C6264 /* ViewController2.m */; };
/* End PBXBuildFile section */

/* Begin PBXFileReference section */
		EB4FC9B41D52BADC005160D8 /* Exercicio.app */ = {isa = PBXFileReference; explicitFileType = wrapper.application; includeInIndex = 0; path = Exercicio.app; sourceTree = BUILT_PRODUCTS_DIR; };
		EB4FC9B81D52BADC005160D8 /* main.m */ = {isa = PBXFileReference; lastKnownFileType = sourcecode.c.objc; path = main.m; sourceTree = "<group>"; };
		EB4FC9BA1D52BADC005160D8 /* AppDelegate.h */ = {isa = PBXFileReference; lastKnownFileType = sourcecode.c.h; path = AppDelegate.h; sourceTree = "<group>"; };
		EB4FC9BB1D52BADC005160D8 /* AppDelegate.m */ = {isa = PBXFileReference; lastKnownFileType = sourcecode.c.objc; path = AppDelegate.m; sourceTree = "<group>"; };
		EB4FC9C11D52BADC005160D8 /* Base */ = {isa = PBXFileReference; lastKnownFileType = file.storyboard; name = Base; path = Base.lproj/Main.storyboard; sourceTree = "<group>"; };
		EB4FC9C31D52BADC005160D8 /* Assets.xcassets */ = {isa = PBXFileReference; lastKnownFileType = folder.assetcatalog; path = Assets.xcassets; sourceTree = "<group>"; };
		EB4FC9C61D52BADC005160D8 /* Base */ = {isa = PBXFileReference; lastKnownFileType = file.storyboard; name = Base; path = Base.lproj/LaunchScreen.storyboard; sourceTree = "<group>"; };
		EB4FC9C81D52BADC005160D8 /* Info.plist */ = {isa = PBXFileReference; lastKnownFileType = text.plist.xml; path = Info.plist; sourceTree = "<group>"; };
		EB9425C41D5815BE003C6264 /* ViewController1.h */ = {isa = PBXFileReference; fileEncoding = 4; lastKnownFileType = sourcecode.c.h; path = ViewController1.h; sourceTree = "<group>"; };
		EB9425C51D5815BE003C6264 /* ViewController1.m */ = {isa = PBXFileReference; fileEncoding = 4; lastKnownFileType = sourcecode.c.objc; path = ViewController1.m; sourceTree = "<group>"; };
		EB9425C71D58172C003C6264 /* ViewController2.h */ = {isa = PBXFileReference; fileEncoding = 4; lastKnownFileType = sourcecode.c.h; path = ViewController2.h; sourceTree = "<group>"; };
		EB9425C81D58172C003C6264 /* ViewController2.m */ = {isa = PBXFileReference; fileEncoding = 4; lastKnownFileType = sourcecode.c.objc; path = ViewController2.m; sourceTree = "<group>"; };
/* End PBXFileReference section */

/* Begin PBXFrameworksBuildPhase section */
		EB4FC9B11D52BADC005160D8 /* Frameworks */ = {
			isa = PBXFrameworksBuildPhase;
			buildActionMask = 2147483647;
			files = (
			);
			runOnlyForDeploymentPostprocessing = 0;
		};
/* End PBXFrameworksBuildPhase section */

/* Begin PBXGroup section */
		EB4FC9AB1D52BADC005160D8 = {
			isa = PBXGroup;
			children = (
				EB4FC9B61D52BADC005160D8 /* Exercicio */,
				EB4FC9B51D52BADC005160D8 /* Products */,
			);
			sourceTree = "<group>";
		};
		EB4FC9B51D52BADC005160D8 /* Products */ = {
			isa = PBXGroup;
			children = (
				EB4FC9B41D52BADC005160D8 /* Exercicio.app */,
			);
			name = Products;
			sourceTree = "<group>";
		};
		EB4FC9B61D52BADC005160D8 /* Exercicio */ = {
			isa = PBXGroup;
			children = (
				EB4FC9BA1D52BADC005160D8 /* AppDelegate.h */,
				EB4FC9BB1D52BADC005160D8 /* AppDelegate.m */,
				EB4FC9C01D52BADC005160D8 /* Main.storyboard */,
				EB4FC9C31D52BADC005160D8 /* Assets.xcassets */,
				EB4FC9C51D52BADC005160D8 /* LaunchScreen.storyboard */,
				EB4FC9C81D52BADC005160D8 /* Info.plist */,
				EB4FC9B71D52BADC005160D8 /* Supporting Files */,
				EB9425C41D5815BE003C6264 /* ViewController1.h */,
				EB9425C51D5815BE003C6264 /* ViewController1.m */,
				EB9425C71D58172C003C6264 /* ViewController2.h */,
				EB9425C81D58172C003C6264 /* ViewController2.m */,
			);
			name = Exercicio;
			path = Aula02;
			sourceTree = "<group>";
		};
		EB4FC9B71D52BADC005160D8 /* Supporting Files */ = {
			isa = PBXGroup;
			children = (
				EB4FC9B81D52BADC005160D8 /* main.m */,
			);
			name = "Supporting Files";
			sourceTree = "<group>";
		};
/* End PBXGroup section */

/* Begin PBXNativeTarget section */
		EB4FC9B31D52BADC005160D8 /* Exercicio */ = {
			isa = PBXNativeTarget;
			buildConfigurationList = EB4FC9CB1D52BADC005160D8 /* Build configuration list for PBXNativeTarget "Exercicio" */;
			buildPhases = (
				EB4FC9B01D52BADC005160D8 /* Sources */,
				EB4FC9B11D52BADC005160D8 /* Frameworks */,
				EB4FC9B21D52BADC005160D8 /* Resources */,
			);
			buildRules = (
			);
			dependencies = (
			);
			name = Exercicio;
			productName = Aula02;
			productReference = EB4FC9B41D52BADC005160D8 /* Exercicio.app */;
			productType = "com.apple.product-type.application";
		};
/* End PBXNativeTarget section */

/* Begin PBXProject section */
		EB4FC9AC1D52BADC005160D8 /* Project object */ = {
			isa = PBXProject;
			attributes = {
				LastUpgradeCheck = 0730;
				ORGANIZATIONNAME = IESB;
				TargetAttributes = {
					EB4FC9B31D52BADC005160D8 = {
						CreatedOnToolsVersion = 7.3.1;
					};
				};
			};
			buildConfigurationList = EB4FC9AF1D52BADC005160D8 /* Build configuration list for PBXProject "Exercicio" */;
			compatibilityVersion = "Xcode 3.2";
			developmentRegion = English;
			hasScannedForEncodings = 0;
			knownRegions = (
				en,
				Base,
			);
			mainGroup = EB4FC9AB1D52BADC005160D8;
			productRefGroup = EB4FC9B51D52BADC005160D8 /* Products */;
			projectDirPath = "";
			projectRoot = "";
			targets = (
				EB4FC9B31D52BADC005160D8 /* Exercicio */,
			);
		};
/* End PBXProject section */

/* Begin PBXResourcesBuildPhase section */
		EB4FC9B21D52BADC005160D8 /* Resources */ = {
			isa = PBXResourcesBuildPhase;
			buildActionMask = 2147483647;
			files = (
				EB4FC9C71D52BADC005160D8 /* LaunchScreen.storyboard in Resources */,
				EB4FC9C41D52BADC005160D8 /* Assets.xcassets in Resources */,
				EB4FC9C21D52BADC005160D8 /* Main.storyboard in Resources */,
			);
			runOnlyForDeploymentPostprocessing = 0;
		};
/* End PBXResourcesBuildPhase section */

/* Begin PBXSourcesBuildPhase section */
		EB4FC9B01D52BADC005160D8 /* Sources */ = {
			isa = PBXSourcesBuildPhase;
			buildActionMask = 2147483647;
			files = (
				EB9425C61D5815BE003C6264 /* ViewController1.m in Sources */,
				EB4FC9BC1D52BADC005160D8 /* AppDelegate.m in Sources */,
				EB9425C91D58172C003C6264 /* ViewController2.m in Sources */,
				EB4FC9B91D52BADC005160D8 /* main.m in Sources */,
			);
			runOnlyForDeploymentPostprocessing = 0;
		};
/* End PBXSourcesBuildPhase section */

/* Begin PBXVariantGroup section */
		EB4FC9C01D52BADC005160D8 /* Main.storyboard */ = {
			isa = PBXVariantGroup;
			children = (
				EB4FC9C11D52BADC005160D8 /* Base */,
			);
			name = Main.storyboard;
			sourceTree = "<group>";
		};
		EB4FC9C51D52BADC005160D8 /* LaunchScreen.storyboard */ = {
			isa = PBXVariantGroup;
			children = (
				EB4FC9C61D52BADC005160D8 /* Base */,
			);
			name = LaunchScreen.storyboard;
			sourceTree = "<group>";
		};
/* End PBXVariantGroup section */

/* Begin XCBuildConfiguration section */
		EB4FC9C91D52BADC005160D8 /* Debug */ = {
			isa = XCBuildConfiguration;
			buildSettings = {
				ALWAYS_SEARCH_USER_PATHS = NO;
				CLANG_ANALYZER_NONNULL = YES;
				CLANG_CXX_LANGUAGE_STANDARD = "gnu++0x";
				CLANG_CXX_LIBRARY = "libc++";
				CLANG_ENABLE_MODULES = YES;
				CLANG_ENABLE_OBJC_ARC = YES;
				CLANG_WARN_BOOL_CONVERSION = YES;
				CLANG_WARN_CONSTANT_CONVERSION = YES;
				CLANG_WARN_DIRECT_OBJC_ISA_USAGE = YES_ERROR;
				CLANG_WARN_EMPTY_BODY = YES;
				CLANG_WARN_ENUM_CONVERSION = YES;
				CLANG_WARN_INT_CONVERSION = YES;
				CLANG_WARN_OBJC_ROOT_CLASS = YES_ERROR;
				CLANG_WARN_UNREACHABLE_CODE = YES;
				CLANG_WARN__DUPLICATE_METHOD_MATCH = YES;
				"CODE_SIGN_IDENTITY[sdk=iphoneos*]" = "iPhone Developer";
				COPY_PHASE_STRIP = NO;
				DEBUG_INFORMATION_FORMAT = dwarf;
				ENABLE_STRICT_OBJC_MSGSEND = YES;
				ENABLE_TESTABILITY = YES;
				GCC_C_LANGUAGE_STANDARD = gnu99;
				GCC_DYNAMIC_NO_PIC = NO;
				GCC_NO_COMMON_BLOCKS = YES;
				GCC_OPTIMIZATION_LEVEL = 0;
				GCC_PREPROCESSOR_DEFINITIONS = (
					"DEBUG=1",
					"$(inherited)",
				);
				GCC_WARN_64_TO_32_BIT_CONVERSION = YES;
				GCC_WARN_ABOUT_RETURN_TYPE = YES_ERROR;
				GCC_WARN_UNDECLARED_SELECTOR = YES;
				GCC_WARN_UNINITIALIZED_AUTOS = YES_AGGRESSIVE;
				GCC_WARN_UNUSED_FUNCTION = YES;
				GCC_WARN_UNUSED_VARIABLE = YES;
				IPHONEOS_DEPLOYMENT_TARGET = 9.3;
				MTL_ENABLE_DEBUG_INFO = YES;
				ONLY_ACTIVE_ARCH = YES;
				SDKROOT = iphoneos;
				TARGETED_DEVICE_FAMILY = "1,2";
			};
			name = Debug;
		};
		EB4FC9CA1D52BADC005160D8 /* Release */ = {
			isa = XCBuildConfiguration;
			buildSettings = {
				ALWAYS_SEARCH_USER_PATHS = NO;
				CLANG_ANALYZER_NONNULL = YES;
				CLANG_CXX_LANGUAGE_STANDARD = "gnu++0x";
				CLANG_CXX_LIBRARY = "libc++";
				CLANG_ENABLE_MODULES = YES;
				CLANG_ENABLE_OBJC_ARC = YES;
				CLANG_WARN_BOOL_CONVERSION = YES;
				CLANG_WARN_CONSTANT_CONVERSION = YES;
				CLANG_WARN_DIRECT_OBJC_ISA_USAGE = YES_ERROR;
				CLANG_WARN_EMPTY_BODY = YES;
				CLANG_WARN_ENUM_CONVERSION = YES;
				CLANG_WARN_INT_CONVERSION = YES;
				CLANG_WARN_OBJC_ROOT_CLASS = YES_ERROR;
				CLANG_WARN_UNREACHABLE_CODE = YES;
				CLANG_WARN__DUPLICATE_METHOD_MATCH = YES;
				"CODE_SIGN_IDENTITY[sdk=iphoneos*]" = "iPhone Developer";
				COPY_PHASE_STRIP = NO;
				DEBUG_INFORMATION_FORMAT = "dwarf-with-dsym";
				ENABLE_NS_ASSERTIONS = NO;
				ENABLE_STRICT_OBJC_MSGSEND = YES;
				GCC_C_LANGUAGE_STANDARD = gnu99;
				GCC_NO_COMMON_BLOCKS = YES;
				GCC_WARN_64_TO_32_BIT_CONVERSION = YES;
				GCC_WARN_ABOUT_RETURN_TYPE = YES_ERROR;
				GCC_WARN_UNDECLARED_SELECTOR = YES;
				GCC_WARN_UNINITIALIZED_AUTOS = YES_AGGRESSIVE;
				GCC_WARN_UNUSED_FUNCTION = YES;
				GCC_WARN_UNUSED_VARIABLE = YES;
				IPHONEOS_DEPLOYMENT_TARGET = 9.3;
				MTL_ENABLE_DEBUG_INFO = NO;
				SDKROOT = iphoneos;
				TARGETED_DEVICE_FAMILY = "1,2";
				VALIDATE_PRODUCT = YES;
			};
			name = Release;
		};
		EB4FC9CC1D52BADC005160D8 /* Debug */ = {
			isa = XCBuildConfiguration;
			buildSettings = {
				ASSETCATALOG_COMPILER_APPICON_NAME = AppIcon;
				INFOPLIST_FILE = Aula02/Info.plist;
				LD_RUNPATH_SEARCH_PATHS = "$(inherited) @executable_path/Frameworks";
				PRODUCT_BUNDLE_IDENTIFIER = br.iesb.Exercicio;
				PRODUCT_NAME = "$(TARGET_NAME)";
			};
			name = Debug;
		};
		EB4FC9CD1D52BADC005160D8 /* Release */ = {
			isa = XCBuildConfiguration;
			buildSettings = {
				ASSETCATALOG_COMPILER_APPICON_NAME = AppIcon;
				INFOPLIST_FILE = Aula02/Info.plist;
				LD_RUNPATH_SEARCH_PATHS = "$(inherited) @executable_path/Frameworks";
				PRODUCT_BUNDLE_IDENTIFIER = br.iesb.Exercicio;
				PRODUCT_NAME = "$(TARGET_NAME)";
			};
			name = Release;
		};
/* End XCBuildConfiguration section */

/* Begin XCConfigurationList section */
		EB4FC9AF1D52BADC005160D8 /* Build configuration list for PBXProject "Exercicio" */ = {
			isa = XCConfigurationList;
			buildConfigurations = (
				EB4FC9C91D52BADC005160D8 /* Debug */,
				EB4FC9CA1D52BADC005160D8 /* Release */,
			);
			defaultConfigurationIsVisible = 0;
			defaultConfigurationName = Release;
		};
		EB4FC9CB1D52BADC005160D8 /* Build configuration list for PBXNativeTarget "Exercicio" */ = {
			isa = XCConfigurationList;
			buildConfigurations = (
				EB4FC9CC1D52BADC005160D8 /* Debug */,
				EB4FC9CD1D52BADC005160D8 /* Release */,
			);
			defaultConfigurationIsVisible = 0;
			defaultConfigurationName = Release;
		};
/* End XCConfigurationList section */
	};
	rootObject = EB4FC9AC1D52BADC005160D8 /* Project object */;
}
